
Microsoft Visual Studio Solution File, Format Version 12.00
# Visual Studio Version 16
VisualStudioVersion = 16.0.30204.135
MinimumVisualStudioVersion = 10.0.40219.1
Project("{FAE04EC0-301F-11D3-BF4B-00C04F79EFBC}") = "GhostToBlogifier", "GhostToBlogifier\GhostToBlogifier.csproj", "{1A01EE53-047C-4570-8634-DFA958876321}"
EndProject
Global
	GlobalSection(SolutionConfigurationPlatforms) = preSolution
		Debug|Any CPU = Debug|Any CPU
		Release|Any CPU = Release|Any CPU
	EndGlobalSection
	GlobalSection(ProjectConfigurationPlatforms) = postSolution
		{1A01EE53-047C-4570-8634-DFA958876321}.Debug|Any CPU.ActiveCfg = Debug|Any CPU
		{1A01EE53-047C-4570-8634-DFA958876321}.Debug|Any CPU.Build.0 = Debug|Any CPU
		{1A01EE53-047C-4570-8634-DFA958876321}.Release|Any CPU.ActiveCfg = Release|Any CPU
		{1A01EE53-047C-4570-8634-DFA958876321}.Release|Any CPU.Build.0 = Release|Any CPU
	EndGlobalSection
	GlobalSection(SolutionProperties) = preSolution
		HideSolutionNode = FALSE
	EndGlobalSection
	GlobalSection(ExtensibilityGlobals) = postSolution
		SolutionGuid = {1322399F-537A-49A2-951F-7AA582E72BD1}
	EndGlobalSection
EndGlobal
